// !$*UTF8*$!
{
	archiveVersion = 1;
	classes = {
	};
	objectVersion = 46;
	objects = {

/* Begin PBXBuildFile section */
		6245E9601EA90366002F1E7A /* sampleData.json in Resources */ = {isa = PBXBuildFile; fileRef = 858F29E4D14AEB9C684849EF /* sampleData.json */; };
		627921371E9F8AAD00F9B150 /* AppDelegate.swift in Sources */ = {isa = PBXBuildFile; fileRef = 627921361E9F8AAD00F9B150 /* AppDelegate.swift */; };
		6279213C1E9F8AAD00F9B150 /* Main.storyboard in Resources */ = {isa = PBXBuildFile; fileRef = 6279213A1E9F8AAD00F9B150 /* Main.storyboard */; };
		6279213F1E9F8AAD00F9B150 /* Godt_Recipies.xcdatamodeld in Sources */ = {isa = PBXBuildFile; fileRef = 6279213D1E9F8AAD00F9B150 /* Godt_Recipies.xcdatamodeld */; };
		627921411E9F8AAD00F9B150 /* Assets.xcassets in Resources */ = {isa = PBXBuildFile; fileRef = 627921401E9F8AAD00F9B150 /* Assets.xcassets */; };
		627921441E9F8AAD00F9B150 /* LaunchScreen.storyboard in Resources */ = {isa = PBXBuildFile; fileRef = 627921421E9F8AAD00F9B150 /* LaunchScreen.storyboard */; };
		6279214F1E9F8AAD00F9B150 /* Godt_RecipiesTests.swift in Sources */ = {isa = PBXBuildFile; fileRef = 6279214E1E9F8AAD00F9B150 /* Godt_RecipiesTests.swift */; };
		6279215B1E9F928B00F9B150 /* RecipeTableViewCell.swift in Sources */ = {isa = PBXBuildFile; fileRef = 627921591E9F928B00F9B150 /* RecipeTableViewCell.swift */; };
		6279215E1E9F92BB00F9B150 /* RecipeTableViewController.swift in Sources */ = {isa = PBXBuildFile; fileRef = 6279215D1E9F92BB00F9B150 /* RecipeTableViewController.swift */; };
		628D5F421EA661C400966BF6 /* RecipeDetailViewController.swift in Sources */ = {isa = PBXBuildFile; fileRef = 628D5F411EA661C400966BF6 /* RecipeDetailViewController.swift */; };
		858F2604F88028B784E49111 /* Recipe+Extensions.swift in Sources */ = {isa = PBXBuildFile; fileRef = 858F20FD84EC8D7CB61E2E0D /* Recipe+Extensions.swift */; };
		858F286587D695ED6FA80F03 /* Notes.txt in Resources */ = {isa = PBXBuildFile; fileRef = 858F29565721000BB76D34B2 /* Notes.txt */; };
		858F2A4E5686A00790817217 /* sampleData.json in Resources */ = {isa = PBXBuildFile; fileRef = 858F29E4D14AEB9C684849EF /* sampleData.json */; };
		858F2E3DE829D72026F87B98 /* RecipesProvider.swift in Sources */ = {isa = PBXBuildFile; fileRef = 858F2010A6AFCAEAE61E5C4F /* RecipesProvider.swift */; };
/* End PBXBuildFile section */

/* Begin PBXContainerItemProxy section */
		6279214B1E9F8AAD00F9B150 /* PBXContainerItemProxy */ = {
			isa = PBXContainerItemProxy;
			containerPortal = 6279212B1E9F8AAD00F9B150 /* Project object */;
			proxyType = 1;
			remoteGlobalIDString = 627921321E9F8AAD00F9B150;
			remoteInfo = "Godt Recipies";
		};
/* End PBXContainerItemProxy section */

/* Begin PBXFileReference section */
		627921331E9F8AAD00F9B150 /* Godt Recipies.app */ = {isa = PBXFileReference; explicitFileType = wrapper.application; includeInIndex = 0; path = "Godt Recipies.app"; sourceTree = BUILT_PRODUCTS_DIR; };
		627921361E9F8AAD00F9B150 /* AppDelegate.swift */ = {isa = PBXFileReference; lastKnownFileType = sourcecode.swift; path = AppDelegate.swift; sourceTree = "<group>"; };
		6279213B1E9F8AAD00F9B150 /* Base */ = {isa = PBXFileReference; lastKnownFileType = file.storyboard; name = Base; path = Base.lproj/Main.storyboard; sourceTree = "<group>"; };
		6279213E1E9F8AAD00F9B150 /* Godt_Recipies.xcdatamodel */ = {isa = PBXFileReference; lastKnownFileType = wrapper.xcdatamodel; path = Godt_Recipies.xcdatamodel; sourceTree = "<group>"; };
		627921401E9F8AAD00F9B150 /* Assets.xcassets */ = {isa = PBXFileReference; lastKnownFileType = folder.assetcatalog; path = Assets.xcassets; sourceTree = "<group>"; };
		627921431E9F8AAD00F9B150 /* Base */ = {isa = PBXFileReference; lastKnownFileType = file.storyboard; name = Base; path = Base.lproj/LaunchScreen.storyboard; sourceTree = "<group>"; };
		627921451E9F8AAD00F9B150 /* Info.plist */ = {isa = PBXFileReference; lastKnownFileType = text.plist.xml; path = Info.plist; sourceTree = "<group>"; };
		6279214A1E9F8AAD00F9B150 /* Godt RecipiesTests.xctest */ = {isa = PBXFileReference; explicitFileType = wrapper.cfbundle; includeInIndex = 0; path = "Godt RecipiesTests.xctest"; sourceTree = BUILT_PRODUCTS_DIR; };
		6279214E1E9F8AAD00F9B150 /* Godt_RecipiesTests.swift */ = {isa = PBXFileReference; lastKnownFileType = sourcecode.swift; path = Godt_RecipiesTests.swift; sourceTree = "<group>"; };
		627921501E9F8AAD00F9B150 /* Info.plist */ = {isa = PBXFileReference; lastKnownFileType = text.plist.xml; path = Info.plist; sourceTree = "<group>"; };
		627921591E9F928B00F9B150 /* RecipeTableViewCell.swift */ = {isa = PBXFileReference; fileEncoding = 4; lastKnownFileType = sourcecode.swift; path = RecipeTableViewCell.swift; sourceTree = "<group>"; };
		6279215D1E9F92BB00F9B150 /* RecipeTableViewController.swift */ = {isa = PBXFileReference; fileEncoding = 4; lastKnownFileType = sourcecode.swift; path = RecipeTableViewController.swift; sourceTree = "<group>"; };
		628D5F411EA661C400966BF6 /* RecipeDetailViewController.swift */ = {isa = PBXFileReference; fileEncoding = 4; lastKnownFileType = sourcecode.swift; path = RecipeDetailViewController.swift; sourceTree = "<group>"; };
		858F2010A6AFCAEAE61E5C4F /* RecipesProvider.swift */ = {isa = PBXFileReference; fileEncoding = 4; lastKnownFileType = sourcecode.swift; path = RecipesProvider.swift; sourceTree = "<group>"; };
		858F20FD84EC8D7CB61E2E0D /* Recipe+Extensions.swift */ = {isa = PBXFileReference; fileEncoding = 4; lastKnownFileType = sourcecode.swift; path = "Recipe+Extensions.swift"; sourceTree = "<group>"; };
		858F29565721000BB76D34B2 /* Notes.txt */ = {isa = PBXFileReference; fileEncoding = 4; lastKnownFileType = text; path = Notes.txt; sourceTree = "<group>"; };
		858F29E4D14AEB9C684849EF /* sampleData.json */ = {isa = PBXFileReference; fileEncoding = 4; lastKnownFileType = text.json; path = sampleData.json; sourceTree = "<group>"; };
/* End PBXFileReference section */

/* Begin PBXFrameworksBuildPhase section */
		627921301E9F8AAD00F9B150 /* Frameworks */ = {
			isa = PBXFrameworksBuildPhase;
			buildActionMask = 2147483647;
			files = (
			);
			runOnlyForDeploymentPostprocessing = 0;
		};
		627921471E9F8AAD00F9B150 /* Frameworks */ = {
			isa = PBXFrameworksBuildPhase;
			buildActionMask = 2147483647;
			files = (
			);
			runOnlyForDeploymentPostprocessing = 0;
		};
/* End PBXFrameworksBuildPhase section */

/* Begin PBXGroup section */
		6279212A1E9F8AAD00F9B150 = {
			isa = PBXGroup;
			children = (
				627921351E9F8AAD00F9B150 /* Godt Recipies */,
				6279214D1E9F8AAD00F9B150 /* Godt RecipiesTests */,
				627921341E9F8AAD00F9B150 /* Products */,
				858F29565721000BB76D34B2 /* Notes.txt */,
			);
			sourceTree = "<group>";
		};
		627921341E9F8AAD00F9B150 /* Products */ = {
			isa = PBXGroup;
			children = (
				627921331E9F8AAD00F9B150 /* Godt Recipies.app */,
				6279214A1E9F8AAD00F9B150 /* Godt RecipiesTests.xctest */,
			);
			name = Products;
			sourceTree = "<group>";
		};
		627921351E9F8AAD00F9B150 /* Godt Recipies */ = {
			isa = PBXGroup;
			children = (
				627921361E9F8AAD00F9B150 /* AppDelegate.swift */,
				6279213A1E9F8AAD00F9B150 /* Main.storyboard */,
				628D5F411EA661C400966BF6 /* RecipeDetailViewController.swift */,
				627921591E9F928B00F9B150 /* RecipeTableViewCell.swift */,
				627921401E9F8AAD00F9B150 /* Assets.xcassets */,
				627921421E9F8AAD00F9B150 /* LaunchScreen.storyboard */,
				627921451E9F8AAD00F9B150 /* Info.plist */,
				6279213D1E9F8AAD00F9B150 /* Godt_Recipies.xcdatamodeld */,
				6279215D1E9F92BB00F9B150 /* RecipeTableViewController.swift */,
				858F2010A6AFCAEAE61E5C4F /* RecipesProvider.swift */,
				858F20FD84EC8D7CB61E2E0D /* Recipe+Extensions.swift */,
			);
			path = "Godt Recipies";
			sourceTree = "<group>";
		};
		6279214D1E9F8AAD00F9B150 /* Godt RecipiesTests */ = {
			isa = PBXGroup;
			children = (
				6279214E1E9F8AAD00F9B150 /* Godt_RecipiesTests.swift */,
				627921501E9F8AAD00F9B150 /* Info.plist */,
				858F29E4D14AEB9C684849EF /* sampleData.json */,
			);
			path = "Godt RecipiesTests";
			sourceTree = "<group>";
		};
/* End PBXGroup section */

/* Begin PBXNativeTarget section */
		627921321E9F8AAD00F9B150 /* Godt Recipies */ = {
			isa = PBXNativeTarget;
			buildConfigurationList = 627921531E9F8AAD00F9B150 /* Build configuration list for PBXNativeTarget "Godt Recipies" */;
			buildPhases = (
				6279212F1E9F8AAD00F9B150 /* Sources */,
				627921301E9F8AAD00F9B150 /* Frameworks */,
				627921311E9F8AAD00F9B150 /* Resources */,
			);
			buildRules = (
			);
			dependencies = (
			);
			name = "Godt Recipies";
			productName = "Godt Recipies";
			productReference = 627921331E9F8AAD00F9B150 /* Godt Recipies.app */;
			productType = "com.apple.product-type.application";
		};
		627921491E9F8AAD00F9B150 /* Godt RecipiesTests */ = {
			isa = PBXNativeTarget;
			buildConfigurationList = 627921561E9F8AAD00F9B150 /* Build configuration list for PBXNativeTarget "Godt RecipiesTests" */;
			buildPhases = (
				627921461E9F8AAD00F9B150 /* Sources */,
				627921471E9F8AAD00F9B150 /* Frameworks */,
				627921481E9F8AAD00F9B150 /* Resources */,
			);
			buildRules = (
			);
			dependencies = (
				6279214C1E9F8AAD00F9B150 /* PBXTargetDependency */,
			);
			name = "Godt RecipiesTests";
			productName = "Godt RecipiesTests";
			productReference = 6279214A1E9F8AAD00F9B150 /* Godt RecipiesTests.xctest */;
			productType = "com.apple.product-type.bundle.unit-test";
		};
/* End PBXNativeTarget section */

/* Begin PBXProject section */
		6279212B1E9F8AAD00F9B150 /* Project object */ = {
			isa = PBXProject;
			attributes = {
				LastSwiftUpdateCheck = 0820;
				LastUpgradeCheck = 0820;
				ORGANIZATIONNAME = wroluk;
				TargetAttributes = {
					627921321E9F8AAD00F9B150 = {
						CreatedOnToolsVersion = 8.2.1;
						DevelopmentTeam = PGGVK4LP82;
						ProvisioningStyle = Automatic;
					};
					627921491E9F8AAD00F9B150 = {
						CreatedOnToolsVersion = 8.2.1;
						DevelopmentTeam = PGGVK4LP82;
						ProvisioningStyle = Automatic;
						TestTargetID = 627921321E9F8AAD00F9B150;
					};
				};
			};
			buildConfigurationList = 6279212E1E9F8AAD00F9B150 /* Build configuration list for PBXProject "Godt Recipies" */;
			compatibilityVersion = "Xcode 3.2";
			developmentRegion = English;
			hasScannedForEncodings = 0;
			knownRegions = (
				en,
				Base,
			);
			mainGroup = 6279212A1E9F8AAD00F9B150;
			productRefGroup = 627921341E9F8AAD00F9B150 /* Products */;
			projectDirPath = "";
			projectRoot = "";
			targets = (
				627921321E9F8AAD00F9B150 /* Godt Recipies */,
				627921491E9F8AAD00F9B150 /* Godt RecipiesTests */,
			);
		};
/* End PBXProject section */

/* Begin PBXResourcesBuildPhase section */
		627921311E9F8AAD00F9B150 /* Resources */ = {
			isa = PBXResourcesBuildPhase;
			buildActionMask = 2147483647;
			files = (
				627921441E9F8AAD00F9B150 /* LaunchScreen.storyboard in Resources */,
				627921411E9F8AAD00F9B150 /* Assets.xcassets in Resources */,
				6279213C1E9F8AAD00F9B150 /* Main.storyboard in Resources */,
				858F2A4E5686A00790817217 /* sampleData.json in Resources */,
				858F286587D695ED6FA80F03 /* Notes.txt in Resources */,
			);
			runOnlyForDeploymentPostprocessing = 0;
		};
		627921481E9F8AAD00F9B150 /* Resources */ = {
			isa = PBXResourcesBuildPhase;
			buildActionMask = 2147483647;
			files = (
				6245E9601EA90366002F1E7A /* sampleData.json in Resources */,
			);
			runOnlyForDeploymentPostprocessing = 0;
		};
/* End PBXResourcesBuildPhase section */

/* Begin PBXSourcesBuildPhase section */
		6279212F1E9F8AAD00F9B150 /* Sources */ = {
			isa = PBXSourcesBuildPhase;
			buildActionMask = 2147483647;
			files = (
				627921371E9F8AAD00F9B150 /* AppDelegate.swift in Sources */,
				628D5F421EA661C400966BF6 /* RecipeDetailViewController.swift in Sources */,
				6279213F1E9F8AAD00F9B150 /* Godt_Recipies.xcdatamodeld in Sources */,
				6279215B1E9F928B00F9B150 /* RecipeTableViewCell.swift in Sources */,
				6279215E1E9F92BB00F9B150 /* RecipeTableViewController.swift in Sources */,
				858F2E3DE829D72026F87B98 /* RecipesProvider.swift in Sources */,
				858F2604F88028B784E49111 /* Recipe+Extensions.swift in Sources */,
			);
			runOnlyForDeploymentPostprocessing = 0;
		};
		627921461E9F8AAD00F9B150 /* Sources */ = {
			isa = PBXSourcesBuildPhase;
			buildActionMask = 2147483647;
			files = (
				6279214F1E9F8AAD00F9B150 /* Godt_RecipiesTests.swift in Sources */,
			);
			runOnlyForDeploymentPostprocessing = 0;
		};
/* End PBXSourcesBuildPhase section */

/* Begin PBXTargetDependency section */
		6279214C1E9F8AAD00F9B150 /* PBXTargetDependency */ = {
			isa = PBXTargetDependency;
			target = 627921321E9F8AAD00F9B150 /* Godt Recipies */;
			targetProxy = 6279214B1E9F8AAD00F9B150 /* PBXContainerItemProxy */;
		};
/* End PBXTargetDependency section */

/* Begin PBXVariantGroup section */
		6279213A1E9F8AAD00F9B150 /* Main.storyboard */ = {
			isa = PBXVariantGroup;
			children = (
				6279213B1E9F8AAD00F9B150 /* Base */,
			);
			name = Main.storyboard;
			sourceTree = "<group>";
		};
		627921421E9F8AAD00F9B150 /* LaunchScreen.storyboard */ = {
			isa = PBXVariantGroup;
			children = (
				627921431E9F8AAD00F9B150 /* Base */,
			);
			name = LaunchScreen.storyboard;
			sourceTree = "<group>";
		};
/* End PBXVariantGroup section */

/* Begin XCBuildConfiguration section */
		627921511E9F8AAD00F9B150 /* Debug */ = {
			isa = XCBuildConfiguration;
			buildSettings = {
				ALWAYS_SEARCH_USER_PATHS = NO;
				CLANG_ANALYZER_NONNULL = YES;
				CLANG_CXX_LANGUAGE_STANDARD = "gnu++0x";
				CLANG_CXX_LIBRARY = "libc++";
				CLANG_ENABLE_MODULES = YES;
				CLANG_ENABLE_OBJC_ARC = YES;
				CLANG_WARN_BOOL_CONVERSION = YES;
				CLANG_WARN_CONSTANT_CONVERSION = YES;
				CLANG_WARN_DIRECT_OBJC_ISA_USAGE = YES_ERROR;
				CLANG_WARN_DOCUMENTATION_COMMENTS = YES;
				CLANG_WARN_EMPTY_BODY = YES;
				CLANG_WARN_ENUM_CONVERSION = YES;
				CLANG_WARN_INFINITE_RECURSION = YES;
				CLANG_WARN_INT_CONVERSION = YES;
				CLANG_WARN_OBJC_ROOT_CLASS = YES_ERROR;
				CLANG_WARN_SUSPICIOUS_MOVE = YES;
				CLANG_WARN_UNREACHABLE_CODE = YES;
				CLANG_WARN__DUPLICATE_METHOD_MATCH = YES;
				"CODE_SIGN_IDENTITY[sdk=iphoneos*]" = "iPhone Developer";
				COPY_PHASE_STRIP = NO;
				DEBUG_INFORMATION_FORMAT = dwarf;
				ENABLE_STRICT_OBJC_MSGSEND = YES;
				ENABLE_TESTABILITY = YES;
				GCC_C_LANGUAGE_STANDARD = gnu99;
				GCC_DYNAMIC_NO_PIC = NO;
				GCC_NO_COMMON_BLOCKS = YES;
				GCC_OPTIMIZATION_LEVEL = 0;
				GCC_PREPROCESSOR_DEFINITIONS = (
					"DEBUG=1",
					"$(inherited)",
				);
				GCC_WARN_64_TO_32_BIT_CONVERSION = YES;
				GCC_WARN_ABOUT_RETURN_TYPE = YES_ERROR;
				GCC_WARN_UNDECLARED_SELECTOR = YES;
				GCC_WARN_UNINITIALIZED_AUTOS = YES_AGGRESSIVE;
				GCC_WARN_UNUSED_FUNCTION = YES;
				GCC_WARN_UNUSED_VARIABLE = YES;
				IPHONEOS_DEPLOYMENT_TARGET = 10.2;
				MTL_ENABLE_DEBUG_INFO = YES;
				ONLY_ACTIVE_ARCH = YES;
				SDKROOT = iphoneos;
				SWIFT_ACTIVE_COMPILATION_CONDITIONS = DEBUG;
				SWIFT_OPTIMIZATION_LEVEL = "-Onone";
			};
			name = Debug;
		};
		627921521E9F8AAD00F9B150 /* Release */ = {
			isa = XCBuildConfiguration;
			buildSettings = {
				ALWAYS_SEARCH_USER_PATHS = NO;
				CLANG_ANALYZER_NONNULL = YES;
				CLANG_CXX_LANGUAGE_STANDARD = "gnu++0x";
				CLANG_CXX_LIBRARY = "libc++";
				CLANG_ENABLE_MODULES = YES;
				CLANG_ENABLE_OBJC_ARC = YES;
				CLANG_WARN_BOOL_CONVERSION = YES;
				CLANG_WARN_CONSTANT_CONVERSION = YES;
				CLANG_WARN_DIRECT_OBJC_ISA_USAGE = YES_ERROR;
				CLANG_WARN_DOCUMENTATION_COMMENTS = YES;
				CLANG_WARN_EMPTY_BODY = YES;
				CLANG_WARN_ENUM_CONVERSION = YES;
				CLANG_WARN_INFINITE_RECURSION = YES;
				CLANG_WARN_INT_CONVERSION = YES;
				CLANG_WARN_OBJC_ROOT_CLASS = YES_ERROR;
				CLANG_WARN_SUSPICIOUS_MOVE = YES;
				CLANG_WARN_UNREACHABLE_CODE = YES;
				CLANG_WARN__DUPLICATE_METHOD_MATCH = YES;
				"CODE_SIGN_IDENTITY[sdk=iphoneos*]" = "iPhone Developer";
				COPY_PHASE_STRIP = NO;
				DEBUG_INFORMATION_FORMAT = "dwarf-with-dsym";
				ENABLE_NS_ASSERTIONS = NO;
				ENABLE_STRICT_OBJC_MSGSEND = YES;
				GCC_C_LANGUAGE_STANDARD = gnu99;
				GCC_NO_COMMON_BLOCKS = YES;
				GCC_WARN_64_TO_32_BIT_CONVERSION = YES;
				GCC_WARN_ABOUT_RETURN_TYPE = YES_ERROR;
				GCC_WARN_UNDECLARED_SELECTOR = YES;
				GCC_WARN_UNINITIALIZED_AUTOS = YES_AGGRESSIVE;
				GCC_WARN_UNUSED_FUNCTION = YES;
				GCC_WARN_UNUSED_VARIABLE = YES;
				IPHONEOS_DEPLOYMENT_TARGET = 10.2;
				MTL_ENABLE_DEBUG_INFO = NO;
				SDKROOT = iphoneos;
				SWIFT_OPTIMIZATION_LEVEL = "-Owholemodule";
				VALIDATE_PRODUCT = YES;
			};
			name = Release;
		};
		627921541E9F8AAD00F9B150 /* Debug */ = {
			isa = XCBuildConfiguration;
			buildSettings = {
				ASSETCATALOG_COMPILER_APPICON_NAME = AppIcon;
				DEVELOPMENT_TEAM = PGGVK4LP82;
				INFOPLIST_FILE = "Godt Recipies/Info.plist";
				IPHONEOS_DEPLOYMENT_TARGET = 10.0;
				LD_RUNPATH_SEARCH_PATHS = "$(inherited) @executable_path/Frameworks";
				PRODUCT_BUNDLE_IDENTIFIER = "com.wroluk.Godt-Recipies";
				PRODUCT_NAME = "$(TARGET_NAME)";
				SWIFT_VERSION = 3.0;
			};
			name = Debug;
		};
		627921551E9F8AAD00F9B150 /* Release */ = {
			isa = XCBuildConfiguration;
			buildSettings = {
				ASSETCATALOG_COMPILER_APPICON_NAME = AppIcon;
				DEVELOPMENT_TEAM = PGGVK4LP82;
				INFOPLIST_FILE = "Godt Recipies/Info.plist";
				IPHONEOS_DEPLOYMENT_TARGET = 10.0;
				LD_RUNPATH_SEARCH_PATHS = "$(inherited) @executable_path/Frameworks";
				PRODUCT_BUNDLE_IDENTIFIER = "com.wroluk.Godt-Recipies";
				PRODUCT_NAME = "$(TARGET_NAME)";
				SWIFT_VERSION = 3.0;
			};
			name = Release;
		};
		627921571E9F8AAD00F9B150 /* Debug */ = {
			isa = XCBuildConfiguration;
			buildSettings = {
				ALWAYS_EMBED_SWIFT_STANDARD_LIBRARIES = YES;
				BUNDLE_LOADER = "$(TEST_HOST)";
				DEVELOPMENT_TEAM = PGGVK4LP82;
				INFOPLIST_FILE = "Godt RecipiesTests/Info.plist";
				LD_RUNPATH_SEARCH_PATHS = "$(inherited) @executable_path/Frameworks @loader_path/Frameworks";
				PRODUCT_BUNDLE_IDENTIFIER = "com.wroluk.Godt-RecipiesTests";
				PRODUCT_NAME = "$(TARGET_NAME)";
				SWIFT_VERSION = 3.0;
				TEST_HOST = "$(BUILT_PRODUCTS_DIR)/Godt Recipies.app/Godt Recipies";
			};
			name = Debug;
		};
		627921581E9F8AAD00F9B150 /* Release */ = {
			isa = XCBuildConfiguration;
			buildSettings = {
				ALWAYS_EMBED_SWIFT_STANDARD_LIBRARIES = YES;
				BUNDLE_LOADER = "$(TEST_HOST)";
				DEVELOPMENT_TEAM = PGGVK4LP82;
				INFOPLIST_FILE = "Godt RecipiesTests/Info.plist";
				LD_RUNPATH_SEARCH_PATHS = "$(inherited) @executable_path/Frameworks @loader_path/Frameworks";
				PRODUCT_BUNDLE_IDENTIFIER = "com.wroluk.Godt-RecipiesTests";
				PRODUCT_NAME = "$(TARGET_NAME)";
				SWIFT_VERSION = 3.0;
				TEST_HOST = "$(BUILT_PRODUCTS_DIR)/Godt Recipies.app/Godt Recipies";
			};
			name = Release;
		};
/* End XCBuildConfiguration section */

/* Begin XCConfigurationList section */
		6279212E1E9F8AAD00F9B150 /* Build configuration list for PBXProject "Godt Recipies" */ = {
			isa = XCConfigurationList;
			buildConfigurations = (
				627921511E9F8AAD00F9B150 /* Debug */,
				627921521E9F8AAD00F9B150 /* Release */,
			);
			defaultConfigurationIsVisible = 0;
			defaultConfigurationName = Release;
		};
		627921531E9F8AAD00F9B150 /* Build configuration list for PBXNativeTarget "Godt Recipies" */ = {
			isa = XCConfigurationList;
			buildConfigurations = (
				627921541E9F8AAD00F9B150 /* Debug */,
				627921551E9F8AAD00F9B150 /* Release */,
			);
			defaultConfigurationIsVisible = 0;
			defaultConfigurationName = Release;
		};
		627921561E9F8AAD00F9B150 /* Build configuration list for PBXNativeTarget "Godt RecipiesTests" */ = {
			isa = XCConfigurationList;
			buildConfigurations = (
				627921571E9F8AAD00F9B150 /* Debug */,
				627921581E9F8AAD00F9B150 /* Release */,
			);
			defaultConfigurationIsVisible = 0;
			defaultConfigurationName = Release;
		};
/* End XCConfigurationList section */

/* Begin XCVersionGroup section */
		6279213D1E9F8AAD00F9B150 /* Godt_Recipies.xcdatamodeld */ = {
			isa = XCVersionGroup;
			children = (
				6279213E1E9F8AAD00F9B150 /* Godt_Recipies.xcdatamodel */,
			);
			currentVersion = 6279213E1E9F8AAD00F9B150 /* Godt_Recipies.xcdatamodel */;
			path = Godt_Recipies.xcdatamodeld;
			sourceTree = "<group>";
			versionGroupType = wrapper.xcdatamodel;
		};
/* End XCVersionGroup section */
	};
	rootObject = 6279212B1E9F8AAD00F9B150 /* Project object */;
}
